
Microsoft Visual Studio Solution File, Format Version 12.00
# Visual Studio Version 16
VisualStudioVersion = 16.0.29519.87
MinimumVisualStudioVersion = 10.0.40219.1
Project("{FAE04EC0-301F-11D3-BF4B-00C04F79EFBC}") = "MultiCoreSearchAlgorithm", "MultiCoreSearchAlgorithm\MultiCoreSearchAlgorithm.csproj", "{0A2F5612-C229-40A7-9882-189F18DE5626}"
EndProject
Global
	GlobalSection(SolutionConfigurationPlatforms) = preSolution
		Debug|Any CPU = Debug|Any CPU
		Release|Any CPU = Release|Any CPU
	EndGlobalSection
	GlobalSection(ProjectConfigurationPlatforms) = postSolution
		{0A2F5612-C229-40A7-9882-189F18DE5626}.Debug|Any CPU.ActiveCfg = Debug|Any CPU
		{0A2F5612-C229-40A7-9882-189F18DE5626}.Debug|Any CPU.Build.0 = Debug|Any CPU
		{0A2F5612-C229-40A7-9882-189F18DE5626}.Release|Any CPU.ActiveCfg = Release|Any CPU
		{0A2F5612-C229-40A7-9882-189F18DE5626}.Release|Any CPU.Build.0 = Release|Any CPU
	EndGlobalSection
	GlobalSection(SolutionProperties) = preSolution
		HideSolutionNode = FALSE
	EndGlobalSection
	GlobalSection(ExtensibilityGlobals) = postSolution
		SolutionGuid = {2B2C792A-3A19-4EBE-BC9E-ECC4996C64D3}
	EndGlobalSection
EndGlobal
